
Microsoft Visual Studio Solution File, Format Version 12.00
# Visual Studio Version 17
VisualStudioVersion = 17.8.34330.188
MinimumVisualStudioVersion = 10.0.40219.1
Project("{FAE04EC0-301F-11D3-BF4B-00C04F79EFBC}") = "EmptyWPFwithScroll", "EmptyWPFwithScroll.csproj", "{4633381F-420C-4EBD-B53F-72FBDBFFBC4E}"
EndProject
Global
	GlobalSection(SolutionConfigurationPlatforms) = preSolution
		Debug|Any CPU = Debug|Any CPU
		Release|Any CPU = Release|Any CPU
	EndGlobalSection
	GlobalSection(ProjectConfigurationPlatforms) = postSolution
		{4633381F-420C-4EBD-B53F-72FBDBFFBC4E}.Debug|Any CPU.ActiveCfg = Debug|Any CPU
		{4633381F-420C-4EBD-B53F-72FBDBFFBC4E}.Debug|Any CPU.Build.0 = Debug|Any CPU
		{4633381F-420C-4EBD-B53F-72FBDBFFBC4E}.Release|Any CPU.ActiveCfg = Release|Any CPU
		{4633381F-420C-4EBD-B53F-72FBDBFFBC4E}.Release|Any CPU.Build.0 = Release|Any CPU
	EndGlobalSection
	GlobalSection(SolutionProperties) = preSolution
		HideSolutionNode = FALSE
	EndGlobalSection
	GlobalSection(ExtensibilityGlobals) = postSolution
		SolutionGuid = {41E5D457-5F93-465A-A540-763D77389038}
	EndGlobalSection
EndGlobal
